// !$*UTF8*$!
{
	archiveVersion = 1;
	classes = {
	};
	objectVersion = 50;
	objects = {

/* Begin PBXBuildFile section */
		7C3502D524092AB600016DF0 /* AppInfoModel.swift in Sources */ = {isa = PBXBuildFile; fileRef = 7C3502D424092AB600016DF0 /* AppInfoModel.swift */; };
		7C36B77C240906C700905F6F /* AppDelegate.swift in Sources */ = {isa = PBXBuildFile; fileRef = 7C36B77B240906C700905F6F /* AppDelegate.swift */; };
		7C36B780240906C700905F6F /* AppViewController.swift in Sources */ = {isa = PBXBuildFile; fileRef = 7C36B77F240906C700905F6F /* AppViewController.swift */; };
		7C36B783240906C700905F6F /* Main.storyboard in Resources */ = {isa = PBXBuildFile; fileRef = 7C36B781240906C700905F6F /* Main.storyboard */; };
		7C36B785240906C900905F6F /* Assets.xcassets in Resources */ = {isa = PBXBuildFile; fileRef = 7C36B784240906C900905F6F /* Assets.xcassets */; };
		7C36B795240919F300905F6F /* Constant.swift in Sources */ = {isa = PBXBuildFile; fileRef = 7C36B794240919F300905F6F /* Constant.swift */; };
		7C36B79824091C8C00905F6F /* RequestHelper.swift in Sources */ = {isa = PBXBuildFile; fileRef = 7C36B79724091C8C00905F6F /* RequestHelper.swift */; };
		7C3D58142415DDB700BCEF03 /* DetailNewFunctionCell.swift in Sources */ = {isa = PBXBuildFile; fileRef = 7C3D58132415DDB700BCEF03 /* DetailNewFunctionCell.swift */; };
		7C3D581624160EE700BCEF03 /* DetailPreviewCollectionCell.swift in Sources */ = {isa = PBXBuildFile; fileRef = 7C3D581524160EE700BCEF03 /* DetailPreviewCollectionCell.swift */; };
		7C3D581824161BB000BCEF03 /* DetailDescriptionCell.swift in Sources */ = {isa = PBXBuildFile; fileRef = 7C3D581724161BB000BCEF03 /* DetailDescriptionCell.swift */; };
		7C3D581A24165BCC00BCEF03 /* ButtonGradation.swift in Sources */ = {isa = PBXBuildFile; fileRef = 7C3D581924165BCB00BCEF03 /* ButtonGradation.swift */; };
		7C3D581C24166E2300BCEF03 /* DateOperator.swift in Sources */ = {isa = PBXBuildFile; fileRef = 7C3D581B24166E2300BCEF03 /* DateOperator.swift */; };
		7C3D581E24167A0700BCEF03 /* DetailInfoCell.swift in Sources */ = {isa = PBXBuildFile; fileRef = 7C3D581D24167A0700BCEF03 /* DetailInfoCell.swift */; };
		7C3D58202416810600BCEF03 /* InfoStackView.swift in Sources */ = {isa = PBXBuildFile; fileRef = 7C3D581F2416810600BCEF03 /* InfoStackView.swift */; };
		7C4983EF240CE956004F2F57 /* LaunchScreen.storyboard in Resources */ = {isa = PBXBuildFile; fileRef = 7C4983EE240CE956004F2F57 /* LaunchScreen.storyboard */; };
		7C49841C24100B47004F2F57 /* CollectionView.swift in Sources */ = {isa = PBXBuildFile; fileRef = 7C49841B24100B47004F2F57 /* CollectionView.swift */; };
		7C53D4AB2410AC3F00031CF0 /* Seperator.swift in Sources */ = {isa = PBXBuildFile; fileRef = 7C53D4AA2410AC3F00031CF0 /* Seperator.swift */; };
		7C53D4AF2410AF9C00031CF0 /* PreviewCollectionView.swift in Sources */ = {isa = PBXBuildFile; fileRef = 7C53D4AE2410AF9C00031CF0 /* PreviewCollectionView.swift */; };
		7C53D4B12410C24700031CF0 /* PreviewTableCell.swift in Sources */ = {isa = PBXBuildFile; fileRef = 7C53D4B02410C24700031CF0 /* PreviewTableCell.swift */; };
		7C53D4B32410C7AD00031CF0 /* PreviewCollectionViewCell.swift in Sources */ = {isa = PBXBuildFile; fileRef = 7C53D4B22410C7AD00031CF0 /* PreviewCollectionViewCell.swift */; };
		7C53D4B82411454800031CF0 /* PreviewHeader.swift in Sources */ = {isa = PBXBuildFile; fileRef = 7C53D4B72411454800031CF0 /* PreviewHeader.swift */; };
		7C53D4BA24114B1200031CF0 /* TopgrossTableCell.swift in Sources */ = {isa = PBXBuildFile; fileRef = 7C53D4B924114B1200031CF0 /* TopgrossTableCell.swift */; };
		7C53D4BC24114B2B00031CF0 /* TopgrossCollectionCell.swift in Sources */ = {isa = PBXBuildFile; fileRef = 7C53D4BB24114B2B00031CF0 /* TopgrossCollectionCell.swift */; };
		7C53D4BE24114E5E00031CF0 /* ReuseHeaderCell.swift in Sources */ = {isa = PBXBuildFile; fileRef = 7C53D4BD24114E5E00031CF0 /* ReuseHeaderCell.swift */; };
		7C9BB60424177F3C0090750A /* StrArrToStr.swift in Sources */ = {isa = PBXBuildFile; fileRef = 7C9BB60324177F3C0090750A /* StrArrToStr.swift */; };
		7C9BB60624177FE80090750A /* ByteToMB.swift in Sources */ = {isa = PBXBuildFile; fileRef = 7C9BB60524177FE80090750A /* ByteToMB.swift */; };
		7C9DD686240CB05A0014749B /* GameViewController.swift in Sources */ = {isa = PBXBuildFile; fileRef = 7C9DD685240CB05A0014749B /* GameViewController.swift */; };
		7C9DD688240CB0810014749B /* SearchViewController.swift in Sources */ = {isa = PBXBuildFile; fileRef = 7C9DD687240CB0810014749B /* SearchViewController.swift */; };
		7C9DD68A240CB6040014749B /* ListTableView.swift in Sources */ = {isa = PBXBuildFile; fileRef = 7C9DD689240CB6040014749B /* ListTableView.swift */; };
		7C9DD68D240CD1980014749B /* AppViewRoot.swift in Sources */ = {isa = PBXBuildFile; fileRef = 7C9DD68C240CD1980014749B /* AppViewRoot.swift */; };
		7C9DD68F240CD44C0014749B /* AppListModel.swift in Sources */ = {isa = PBXBuildFile; fileRef = 7C9DD68E240CD44C0014749B /* AppListModel.swift */; };
		7CA6E39824138F16006DE9B0 /* DetailTableView.swift in Sources */ = {isa = PBXBuildFile; fileRef = 7CA6E39724138F16006DE9B0 /* DetailTableView.swift */; };
		7CA6E39B241392DC006DE9B0 /* DetailTitleCell.swift in Sources */ = {isa = PBXBuildFile; fileRef = 7CA6E39A241392DC006DE9B0 /* DetailTitleCell.swift */; };
		7CA6E39D2413E781006DE9B0 /* DetailPreviewCell.swift in Sources */ = {isa = PBXBuildFile; fileRef = 7CA6E39C2413E781006DE9B0 /* DetailPreviewCell.swift */; };
		7CF65626241202D200E308E3 /* CachedImageView.swift in Sources */ = {isa = PBXBuildFile; fileRef = 7CF65625241202D200E308E3 /* CachedImageView.swift */; };
		7CF656282412AA0D00E308E3 /* DetailViewController.swift in Sources */ = {isa = PBXBuildFile; fileRef = 7CF656272412AA0D00E308E3 /* DetailViewController.swift */; };
		7CF6562A2412AA2000E308E3 /* DetailViewRoot.swift in Sources */ = {isa = PBXBuildFile; fileRef = 7CF656292412AA2000E308E3 /* DetailViewRoot.swift */; };
/* End PBXBuildFile section */

/* Begin PBXFileReference section */
		7C3502D424092AB600016DF0 /* AppInfoModel.swift */ = {isa = PBXFileReference; lastKnownFileType = sourcecode.swift; path = AppInfoModel.swift; sourceTree = "<group>"; };
		7C36B778240906C700905F6F /* Hong3Store.app */ = {isa = PBXFileReference; explicitFileType = wrapper.application; includeInIndex = 0; path = Hong3Store.app; sourceTree = BUILT_PRODUCTS_DIR; };
		7C36B77B240906C700905F6F /* AppDelegate.swift */ = {isa = PBXFileReference; lastKnownFileType = sourcecode.swift; path = AppDelegate.swift; sourceTree = "<group>"; };
		7C36B77F240906C700905F6F /* AppViewController.swift */ = {isa = PBXFileReference; lastKnownFileType = sourcecode.swift; path = AppViewController.swift; sourceTree = "<group>"; };
		7C36B782240906C700905F6F /* Base */ = {isa = PBXFileReference; lastKnownFileType = file.storyboard; name = Base; path = Base.lproj/Main.storyboard; sourceTree = "<group>"; };
		7C36B784240906C900905F6F /* Assets.xcassets */ = {isa = PBXFileReference; lastKnownFileType = folder.assetcatalog; path = Assets.xcassets; sourceTree = "<group>"; };
		7C36B789240906C900905F6F /* Info.plist */ = {isa = PBXFileReference; lastKnownFileType = text.plist.xml; path = Info.plist; sourceTree = "<group>"; };
		7C36B794240919F300905F6F /* Constant.swift */ = {isa = PBXFileReference; lastKnownFileType = sourcecode.swift; path = Constant.swift; sourceTree = "<group>"; };
		7C36B79724091C8C00905F6F /* RequestHelper.swift */ = {isa = PBXFileReference; lastKnownFileType = sourcecode.swift; path = RequestHelper.swift; sourceTree = "<group>"; };
		7C3D58132415DDB700BCEF03 /* DetailNewFunctionCell.swift */ = {isa = PBXFileReference; lastKnownFileType = sourcecode.swift; path = DetailNewFunctionCell.swift; sourceTree = "<group>"; };
		7C3D581524160EE700BCEF03 /* DetailPreviewCollectionCell.swift */ = {isa = PBXFileReference; lastKnownFileType = sourcecode.swift; path = DetailPreviewCollectionCell.swift; sourceTree = "<group>"; };
		7C3D581724161BB000BCEF03 /* DetailDescriptionCell.swift */ = {isa = PBXFileReference; lastKnownFileType = sourcecode.swift; path = DetailDescriptionCell.swift; sourceTree = "<group>"; };
		7C3D581924165BCB00BCEF03 /* ButtonGradation.swift */ = {isa = PBXFileReference; lastKnownFileType = sourcecode.swift; path = ButtonGradation.swift; sourceTree = "<group>"; };
		7C3D581B24166E2300BCEF03 /* DateOperator.swift */ = {isa = PBXFileReference; lastKnownFileType = sourcecode.swift; path = DateOperator.swift; sourceTree = "<group>"; };
		7C3D581D24167A0700BCEF03 /* DetailInfoCell.swift */ = {isa = PBXFileReference; lastKnownFileType = sourcecode.swift; path = DetailInfoCell.swift; sourceTree = "<group>"; };
		7C3D581F2416810600BCEF03 /* InfoStackView.swift */ = {isa = PBXFileReference; lastKnownFileType = sourcecode.swift; path = InfoStackView.swift; sourceTree = "<group>"; };
		7C4983EE240CE956004F2F57 /* LaunchScreen.storyboard */ = {isa = PBXFileReference; lastKnownFileType = file.storyboard; path = LaunchScreen.storyboard; sourceTree = "<group>"; };
		7C49841B24100B47004F2F57 /* CollectionView.swift */ = {isa = PBXFileReference; lastKnownFileType = sourcecode.swift; path = CollectionView.swift; sourceTree = "<group>"; };
		7C53D4AA2410AC3F00031CF0 /* Seperator.swift */ = {isa = PBXFileReference; lastKnownFileType = sourcecode.swift; path = Seperator.swift; sourceTree = "<group>"; };
		7C53D4AE2410AF9C00031CF0 /* PreviewCollectionView.swift */ = {isa = PBXFileReference; lastKnownFileType = sourcecode.swift; path = PreviewCollectionView.swift; sourceTree = "<group>"; };
		7C53D4B02410C24700031CF0 /* PreviewTableCell.swift */ = {isa = PBXFileReference; lastKnownFileType = sourcecode.swift; path = PreviewTableCell.swift; sourceTree = "<group>"; };
		7C53D4B22410C7AD00031CF0 /* PreviewCollectionViewCell.swift */ = {isa = PBXFileReference; lastKnownFileType = sourcecode.swift; path = PreviewCollectionViewCell.swift; sourceTree = "<group>"; };
		7C53D4B72411454800031CF0 /* PreviewHeader.swift */ = {isa = PBXFileReference; lastKnownFileType = sourcecode.swift; path = PreviewHeader.swift; sourceTree = "<group>"; };
		7C53D4B924114B1200031CF0 /* TopgrossTableCell.swift */ = {isa = PBXFileReference; lastKnownFileType = sourcecode.swift; path = TopgrossTableCell.swift; sourceTree = "<group>"; };
		7C53D4BB24114B2B00031CF0 /* TopgrossCollectionCell.swift */ = {isa = PBXFileReference; lastKnownFileType = sourcecode.swift; path = TopgrossCollectionCell.swift; sourceTree = "<group>"; };
		7C53D4BD24114E5E00031CF0 /* ReuseHeaderCell.swift */ = {isa = PBXFileReference; lastKnownFileType = sourcecode.swift; path = ReuseHeaderCell.swift; sourceTree = "<group>"; };
		7C9BB60324177F3C0090750A /* StrArrToStr.swift */ = {isa = PBXFileReference; lastKnownFileType = sourcecode.swift; path = StrArrToStr.swift; sourceTree = "<group>"; };
		7C9BB60524177FE80090750A /* ByteToMB.swift */ = {isa = PBXFileReference; lastKnownFileType = sourcecode.swift; path = ByteToMB.swift; sourceTree = "<group>"; };
		7C9DD685240CB05A0014749B /* GameViewController.swift */ = {isa = PBXFileReference; lastKnownFileType = sourcecode.swift; path = GameViewController.swift; sourceTree = "<group>"; };
		7C9DD687240CB0810014749B /* SearchViewController.swift */ = {isa = PBXFileReference; lastKnownFileType = sourcecode.swift; path = SearchViewController.swift; sourceTree = "<group>"; };
		7C9DD689240CB6040014749B /* ListTableView.swift */ = {isa = PBXFileReference; lastKnownFileType = sourcecode.swift; path = ListTableView.swift; sourceTree = "<group>"; };
		7C9DD68C240CD1980014749B /* AppViewRoot.swift */ = {isa = PBXFileReference; lastKnownFileType = sourcecode.swift; path = AppViewRoot.swift; sourceTree = "<group>"; };
		7C9DD68E240CD44C0014749B /* AppListModel.swift */ = {isa = PBXFileReference; lastKnownFileType = sourcecode.swift; path = AppListModel.swift; sourceTree = "<group>"; };
		7CA6E39724138F16006DE9B0 /* DetailTableView.swift */ = {isa = PBXFileReference; lastKnownFileType = sourcecode.swift; path = DetailTableView.swift; sourceTree = "<group>"; };
		7CA6E39A241392DC006DE9B0 /* DetailTitleCell.swift */ = {isa = PBXFileReference; lastKnownFileType = sourcecode.swift; path = DetailTitleCell.swift; sourceTree = "<group>"; };
		7CA6E39C2413E781006DE9B0 /* DetailPreviewCell.swift */ = {isa = PBXFileReference; lastKnownFileType = sourcecode.swift; path = DetailPreviewCell.swift; sourceTree = "<group>"; };
		7CF65625241202D200E308E3 /* CachedImageView.swift */ = {isa = PBXFileReference; lastKnownFileType = sourcecode.swift; path = CachedImageView.swift; sourceTree = "<group>"; };
		7CF656272412AA0D00E308E3 /* DetailViewController.swift */ = {isa = PBXFileReference; lastKnownFileType = sourcecode.swift; path = DetailViewController.swift; sourceTree = "<group>"; };
		7CF656292412AA2000E308E3 /* DetailViewRoot.swift */ = {isa = PBXFileReference; lastKnownFileType = sourcecode.swift; path = DetailViewRoot.swift; sourceTree = "<group>"; };
/* End PBXFileReference section */

/* Begin PBXFrameworksBuildPhase section */
		7C36B775240906C700905F6F /* Frameworks */ = {
			isa = PBXFrameworksBuildPhase;
			buildActionMask = 2147483647;
			files = (
			);
			runOnlyForDeploymentPostprocessing = 0;
		};
/* End PBXFrameworksBuildPhase section */

/* Begin PBXGroup section */
		7C36B76F240906C700905F6F = {
			isa = PBXGroup;
			children = (
				7C36B77A240906C700905F6F /* Hong3Store */,
				7C36B779240906C700905F6F /* Products */,
			);
			sourceTree = "<group>";
		};
		7C36B779240906C700905F6F /* Products */ = {
			isa = PBXGroup;
			children = (
				7C36B778240906C700905F6F /* Hong3Store.app */,
			);
			name = Products;
			sourceTree = "<group>";
		};
		7C36B77A240906C700905F6F /* Hong3Store */ = {
			isa = PBXGroup;
			children = (
				7C36B792240907B400905F6F /* Utils */,
				7C36B7912409078F00905F6F /* Controllers */,
				7C36B7902409078900905F6F /* Views */,
				7C36B78F2409078400905F6F /* Models */,
				7C36B77B240906C700905F6F /* AppDelegate.swift */,
				7C36B781240906C700905F6F /* Main.storyboard */,
				7C36B784240906C900905F6F /* Assets.xcassets */,
				7C36B789240906C900905F6F /* Info.plist */,
				7C4983EE240CE956004F2F57 /* LaunchScreen.storyboard */,
			);
			path = Hong3Store;
			sourceTree = "<group>";
		};
		7C36B78F2409078400905F6F /* Models */ = {
			isa = PBXGroup;
			children = (
				7C3502D424092AB600016DF0 /* AppInfoModel.swift */,
				7C9DD68E240CD44C0014749B /* AppListModel.swift */,
			);
			path = Models;
			sourceTree = "<group>";
		};
		7C36B7902409078900905F6F /* Views */ = {
			isa = PBXGroup;
			children = (
				7CA6E399241392BB006DE9B0 /* Details */,
				7C53D4B62411452D00031CF0 /* Headers */,
				7C53D4AD2410AF3600031CF0 /* Cells */,
				7C53D4AC2410AF2C00031CF0 /* RootViews */,
				7C9DD68B240CD1820014749B /* CustomUI */,
			);
			path = Views;
			sourceTree = "<group>";
		};
		7C36B7912409078F00905F6F /* Controllers */ = {
			isa = PBXGroup;
			children = (
				7C36B77F240906C700905F6F /* AppViewController.swift */,
				7C9DD685240CB05A0014749B /* GameViewController.swift */,
				7C9DD687240CB0810014749B /* SearchViewController.swift */,
				7CF656272412AA0D00E308E3 /* DetailViewController.swift */,
			);
			path = Controllers;
			sourceTree = "<group>";
		};
		7C36B792240907B400905F6F /* Utils */ = {
			isa = PBXGroup;
			children = (
				7C49841A24100B35004F2F57 /* Extensions */,
				7C36B79624091C8100905F6F /* Helpers */,
				7C36B793240919E200905F6F /* Constants */,
			);
			path = Utils;
			sourceTree = "<group>";
		};
		7C36B793240919E200905F6F /* Constants */ = {
			isa = PBXGroup;
			children = (
				7C36B794240919F300905F6F /* Constant.swift */,
			);
			path = Constants;
			sourceTree = "<group>";
		};
		7C36B79624091C8100905F6F /* Helpers */ = {
			isa = PBXGroup;
			children = (
				7C9BB60324177F3C0090750A /* StrArrToStr.swift */,
				7C36B79724091C8C00905F6F /* RequestHelper.swift */,
				7C3D581924165BCB00BCEF03 /* ButtonGradation.swift */,
				7C3D581B24166E2300BCEF03 /* DateOperator.swift */,
				7C9BB60524177FE80090750A /* ByteToMB.swift */,
			);
			path = Helpers;
			sourceTree = "<group>";
		};
		7C49841A24100B35004F2F57 /* Extensions */ = {
			isa = PBXGroup;
			children = (
				7C49841B24100B47004F2F57 /* CollectionView.swift */,
				7CF65625241202D200E308E3 /* CachedImageView.swift */,
			);
			path = Extensions;
			sourceTree = "<group>";
		};
		7C53D4AC2410AF2C00031CF0 /* RootViews */ = {
			isa = PBXGroup;
			children = (
				7C9DD68C240CD1980014749B /* AppViewRoot.swift */,
				7CF656292412AA2000E308E3 /* DetailViewRoot.swift */,
			);
			path = RootViews;
			sourceTree = "<group>";
		};
		7C53D4AD2410AF3600031CF0 /* Cells */ = {
			isa = PBXGroup;
			children = (
				7C53D4B02410C24700031CF0 /* PreviewTableCell.swift */,
				7C53D4B22410C7AD00031CF0 /* PreviewCollectionViewCell.swift */,
				7C53D4B924114B1200031CF0 /* TopgrossTableCell.swift */,
				7C53D4BB24114B2B00031CF0 /* TopgrossCollectionCell.swift */,
				7C3D581524160EE700BCEF03 /* DetailPreviewCollectionCell.swift */,
			);
			path = Cells;
			sourceTree = "<group>";
		};
		7C53D4B62411452D00031CF0 /* Headers */ = {
			isa = PBXGroup;
			children = (
				7C53D4B72411454800031CF0 /* PreviewHeader.swift */,
				7C53D4BD24114E5E00031CF0 /* ReuseHeaderCell.swift */,
			);
			path = Headers;
			sourceTree = "<group>";
		};
		7C9DD68B240CD1820014749B /* CustomUI */ = {
			isa = PBXGroup;
			children = (
				7C9DD689240CB6040014749B /* ListTableView.swift */,
				7C53D4AA2410AC3F00031CF0 /* Seperator.swift */,
				7C53D4AE2410AF9C00031CF0 /* PreviewCollectionView.swift */,
				7CA6E39724138F16006DE9B0 /* DetailTableView.swift */,
				7C3D581F2416810600BCEF03 /* InfoStackView.swift */,
			);
			path = CustomUI;
			sourceTree = "<group>";
		};
		7CA6E399241392BB006DE9B0 /* Details */ = {
			isa = PBXGroup;
			children = (
				7CA6E39A241392DC006DE9B0 /* DetailTitleCell.swift */,
				7C3D58132415DDB700BCEF03 /* DetailNewFunctionCell.swift */,
				7CA6E39C2413E781006DE9B0 /* DetailPreviewCell.swift */,
				7C3D581724161BB000BCEF03 /* DetailDescriptionCell.swift */,
				7C3D581D24167A0700BCEF03 /* DetailInfoCell.swift */,
			);
			path = Details;
			sourceTree = "<group>";
		};
/* End PBXGroup section */

/* Begin PBXNativeTarget section */
		7C36B777240906C700905F6F /* Hong3Store */ = {
			isa = PBXNativeTarget;
			buildConfigurationList = 7C36B78C240906C900905F6F /* Build configuration list for PBXNativeTarget "Hong3Store" */;
			buildPhases = (
				7C36B774240906C700905F6F /* Sources */,
				7C36B775240906C700905F6F /* Frameworks */,
				7C36B776240906C700905F6F /* Resources */,
			);
			buildRules = (
			);
			dependencies = (
			);
			name = Hong3Store;
			productName = Hong3Strore;
			productReference = 7C36B778240906C700905F6F /* Hong3Store.app */;
			productType = "com.apple.product-type.application";
		};
/* End PBXNativeTarget section */

/* Begin PBXProject section */
		7C36B770240906C700905F6F /* Project object */ = {
			isa = PBXProject;
			attributes = {
				LastSwiftUpdateCheck = 1130;
				LastUpgradeCheck = 1130;
				ORGANIZATIONNAME = hong3;
				TargetAttributes = {
					7C36B777240906C700905F6F = {
						CreatedOnToolsVersion = 11.3.1;
					};
				};
			};
			buildConfigurationList = 7C36B773240906C700905F6F /* Build configuration list for PBXProject "Hong3Store" */;
			compatibilityVersion = "Xcode 9.3";
			developmentRegion = en;
			hasScannedForEncodings = 0;
			knownRegions = (
				en,
				Base,
			);
			mainGroup = 7C36B76F240906C700905F6F;
			productRefGroup = 7C36B779240906C700905F6F /* Products */;
			projectDirPath = "";
			projectRoot = "";
			targets = (
				7C36B777240906C700905F6F /* Hong3Store */,
			);
		};
/* End PBXProject section */

/* Begin PBXResourcesBuildPhase section */
		7C36B776240906C700905F6F /* Resources */ = {
			isa = PBXResourcesBuildPhase;
			buildActionMask = 2147483647;
			files = (
				7C4983EF240CE956004F2F57 /* LaunchScreen.storyboard in Resources */,
				7C36B785240906C900905F6F /* Assets.xcassets in Resources */,
				7C36B783240906C700905F6F /* Main.storyboard in Resources */,
			);
			runOnlyForDeploymentPostprocessing = 0;
		};
/* End PBXResourcesBuildPhase section */

/* Begin PBXSourcesBuildPhase section */
		7C36B774240906C700905F6F /* Sources */ = {
			isa = PBXSourcesBuildPhase;
			buildActionMask = 2147483647;
			files = (
				7CF65626241202D200E308E3 /* CachedImageView.swift in Sources */,
				7C53D4AB2410AC3F00031CF0 /* Seperator.swift in Sources */,
				7C49841C24100B47004F2F57 /* CollectionView.swift in Sources */,
				7C3D581624160EE700BCEF03 /* DetailPreviewCollectionCell.swift in Sources */,
				7CF6562A2412AA2000E308E3 /* DetailViewRoot.swift in Sources */,
				7C53D4B32410C7AD00031CF0 /* PreviewCollectionViewCell.swift in Sources */,
				7C9DD688240CB0810014749B /* SearchViewController.swift in Sources */,
				7C3D581A24165BCC00BCEF03 /* ButtonGradation.swift in Sources */,
				7C53D4BE24114E5E00031CF0 /* ReuseHeaderCell.swift in Sources */,
				7C3D58142415DDB700BCEF03 /* DetailNewFunctionCell.swift in Sources */,
				7C9DD686240CB05A0014749B /* GameViewController.swift in Sources */,
				7C3D58202416810600BCEF03 /* InfoStackView.swift in Sources */,
				7C3D581C24166E2300BCEF03 /* DateOperator.swift in Sources */,
				7C36B79824091C8C00905F6F /* RequestHelper.swift in Sources */,
				7C53D4BA24114B1200031CF0 /* TopgrossTableCell.swift in Sources */,
				7C9BB60424177F3C0090750A /* StrArrToStr.swift in Sources */,
				7CA6E39824138F16006DE9B0 /* DetailTableView.swift in Sources */,
				7C53D4BC24114B2B00031CF0 /* TopgrossCollectionCell.swift in Sources */,
				7CF656282412AA0D00E308E3 /* DetailViewController.swift in Sources */,
				7C9DD68F240CD44C0014749B /* AppListModel.swift in Sources */,
				7C9DD68D240CD1980014749B /* AppViewRoot.swift in Sources */,
				7C9BB60624177FE80090750A /* ByteToMB.swift in Sources */,
				7C3502D524092AB600016DF0 /* AppInfoModel.swift in Sources */,
				7C53D4B12410C24700031CF0 /* PreviewTableCell.swift in Sources */,
				7C9DD68A240CB6040014749B /* ListTableView.swift in Sources */,
				7C3D581E24167A0700BCEF03 /* DetailInfoCell.swift in Sources */,
				7C36B780240906C700905F6F /* AppViewController.swift in Sources */,
				7C53D4B82411454800031CF0 /* PreviewHeader.swift in Sources */,
				7C36B77C240906C700905F6F /* AppDelegate.swift in Sources */,
				7CA6E39B241392DC006DE9B0 /* DetailTitleCell.swift in Sources */,
				7C36B795240919F300905F6F /* Constant.swift in Sources */,
				7C3D581824161BB000BCEF03 /* DetailDescriptionCell.swift in Sources */,
				7CA6E39D2413E781006DE9B0 /* DetailPreviewCell.swift in Sources */,
				7C53D4AF2410AF9C00031CF0 /* PreviewCollectionView.swift in Sources */,
			);
			runOnlyForDeploymentPostprocessing = 0;
		};
/* End PBXSourcesBuildPhase section */

/* Begin PBXVariantGroup section */
		7C36B781240906C700905F6F /* Main.storyboard */ = {
			isa = PBXVariantGroup;
			children = (
				7C36B782240906C700905F6F /* Base */,
			);
			name = Main.storyboard;
			sourceTree = "<group>";
		};
/* End PBXVariantGroup section */

/* Begin XCBuildConfiguration section */
		7C36B78A240906C900905F6F /* Debug */ = {
			isa = XCBuildConfiguration;
			buildSettings = {
				ALWAYS_SEARCH_USER_PATHS = NO;
				CLANG_ANALYZER_NONNULL = YES;
				CLANG_ANALYZER_NUMBER_OBJECT_CONVERSION = YES_AGGRESSIVE;
				CLANG_CXX_LANGUAGE_STANDARD = "gnu++14";
				CLANG_CXX_LIBRARY = "libc++";
				CLANG_ENABLE_MODULES = YES;
				CLANG_ENABLE_OBJC_ARC = YES;
				CLANG_ENABLE_OBJC_WEAK = YES;
				CLANG_WARN_BLOCK_CAPTURE_AUTORELEASING = YES;
				CLANG_WARN_BOOL_CONVERSION = YES;
				CLANG_WARN_COMMA = YES;
				CLANG_WARN_CONSTANT_CONVERSION = YES;
				CLANG_WARN_DEPRECATED_OBJC_IMPLEMENTATIONS = YES;
				CLANG_WARN_DIRECT_OBJC_ISA_USAGE = YES_ERROR;
				CLANG_WARN_DOCUMENTATION_COMMENTS = YES;
				CLANG_WARN_EMPTY_BODY = YES;
				CLANG_WARN_ENUM_CONVERSION = YES;
				CLANG_WARN_INFINITE_RECURSION = YES;
				CLANG_WARN_INT_CONVERSION = YES;
				CLANG_WARN_NON_LITERAL_NULL_CONVERSION = YES;
				CLANG_WARN_OBJC_IMPLICIT_RETAIN_SELF = YES;
				CLANG_WARN_OBJC_LITERAL_CONVERSION = YES;
				CLANG_WARN_OBJC_ROOT_CLASS = YES_ERROR;
				CLANG_WARN_RANGE_LOOP_ANALYSIS = YES;
				CLANG_WARN_STRICT_PROTOTYPES = YES;
				CLANG_WARN_SUSPICIOUS_MOVE = YES;
				CLANG_WARN_UNGUARDED_AVAILABILITY = YES_AGGRESSIVE;
				CLANG_WARN_UNREACHABLE_CODE = YES;
				CLANG_WARN__DUPLICATE_METHOD_MATCH = YES;
				COPY_PHASE_STRIP = NO;
				DEBUG_INFORMATION_FORMAT = dwarf;
				ENABLE_STRICT_OBJC_MSGSEND = YES;
				ENABLE_TESTABILITY = YES;
				GCC_C_LANGUAGE_STANDARD = gnu11;
				GCC_DYNAMIC_NO_PIC = NO;
				GCC_NO_COMMON_BLOCKS = YES;
				GCC_OPTIMIZATION_LEVEL = 0;
				GCC_PREPROCESSOR_DEFINITIONS = (
					"DEBUG=1",
					"$(inherited)",
				);
				GCC_WARN_64_TO_32_BIT_CONVERSION = YES;
				GCC_WARN_ABOUT_RETURN_TYPE = YES_ERROR;
				GCC_WARN_UNDECLARED_SELECTOR = YES;
				GCC_WARN_UNINITIALIZED_AUTOS = YES_AGGRESSIVE;
				GCC_WARN_UNUSED_FUNCTION = YES;
				GCC_WARN_UNUSED_VARIABLE = YES;
				IPHONEOS_DEPLOYMENT_TARGET = 13.2;
				MTL_ENABLE_DEBUG_INFO = INCLUDE_SOURCE;
				MTL_FAST_MATH = YES;
				ONLY_ACTIVE_ARCH = YES;
				SDKROOT = iphoneos;
				SWIFT_ACTIVE_COMPILATION_CONDITIONS = DEBUG;
				SWIFT_OPTIMIZATION_LEVEL = "-Onone";
			};
			name = Debug;
		};
		7C36B78B240906C900905F6F /* Release */ = {
			isa = XCBuildConfiguration;
			buildSettings = {
				ALWAYS_SEARCH_USER_PATHS = NO;
				CLANG_ANALYZER_NONNULL = YES;
				CLANG_ANALYZER_NUMBER_OBJECT_CONVERSION = YES_AGGRESSIVE;
				CLANG_CXX_LANGUAGE_STANDARD = "gnu++14";
				CLANG_CXX_LIBRARY = "libc++";
				CLANG_ENABLE_MODULES = YES;
				CLANG_ENABLE_OBJC_ARC = YES;
				CLANG_ENABLE_OBJC_WEAK = YES;
				CLANG_WARN_BLOCK_CAPTURE_AUTORELEASING = YES;
				CLANG_WARN_BOOL_CONVERSION = YES;
				CLANG_WARN_COMMA = YES;
				CLANG_WARN_CONSTANT_CONVERSION = YES;
				CLANG_WARN_DEPRECATED_OBJC_IMPLEMENTATIONS = YES;
				CLANG_WARN_DIRECT_OBJC_ISA_USAGE = YES_ERROR;
				CLANG_WARN_DOCUMENTATION_COMMENTS = YES;
				CLANG_WARN_EMPTY_BODY = YES;
				CLANG_WARN_ENUM_CONVERSION = YES;
				CLANG_WARN_INFINITE_RECURSION = YES;
				CLANG_WARN_INT_CONVERSION = YES;
				CLANG_WARN_NON_LITERAL_NULL_CONVERSION = YES;
				CLANG_WARN_OBJC_IMPLICIT_RETAIN_SELF = YES;
				CLANG_WARN_OBJC_LITERAL_CONVERSION = YES;
				CLANG_WARN_OBJC_ROOT_CLASS = YES_ERROR;
				CLANG_WARN_RANGE_LOOP_ANALYSIS = YES;
				CLANG_WARN_STRICT_PROTOTYPES = YES;
				CLANG_WARN_SUSPICIOUS_MOVE = YES;
				CLANG_WARN_UNGUARDED_AVAILABILITY = YES_AGGRESSIVE;
				CLANG_WARN_UNREACHABLE_CODE = YES;
				CLANG_WARN__DUPLICATE_METHOD_MATCH = YES;
				COPY_PHASE_STRIP = NO;
				DEBUG_INFORMATION_FORMAT = "dwarf-with-dsym";
				ENABLE_NS_ASSERTIONS = NO;
				ENABLE_STRICT_OBJC_MSGSEND = YES;
				GCC_C_LANGUAGE_STANDARD = gnu11;
				GCC_NO_COMMON_BLOCKS = YES;
				GCC_WARN_64_TO_32_BIT_CONVERSION = YES;
				GCC_WARN_ABOUT_RETURN_TYPE = YES_ERROR;
				GCC_WARN_UNDECLARED_SELECTOR = YES;
				GCC_WARN_UNINITIALIZED_AUTOS = YES_AGGRESSIVE;
				GCC_WARN_UNUSED_FUNCTION = YES;
				GCC_WARN_UNUSED_VARIABLE = YES;
				IPHONEOS_DEPLOYMENT_TARGET = 13.2;
				MTL_ENABLE_DEBUG_INFO = NO;
				MTL_FAST_MATH = YES;
				SDKROOT = iphoneos;
				SWIFT_COMPILATION_MODE = wholemodule;
				SWIFT_OPTIMIZATION_LEVEL = "-O";
				VALIDATE_PRODUCT = YES;
			};
			name = Release;
		};
		7C36B78D240906C900905F6F /* Debug */ = {
			isa = XCBuildConfiguration;
			buildSettings = {
				ASSETCATALOG_COMPILER_APPICON_NAME = AppIcon;
				CODE_SIGN_STYLE = Automatic;
				DEVELOPMENT_TEAM = G4MM77V7NH;
				INFOPLIST_FILE = Hong3Store/Info.plist;
				LD_RUNPATH_SEARCH_PATHS = (
					"$(inherited)",
					"@executable_path/Frameworks",
				);
				PRODUCT_BUNDLE_IDENTIFIER = io.github.hongdonghyun.Hong3Store;
				PRODUCT_NAME = "$(TARGET_NAME)";
				SWIFT_VERSION = 5.0;
				TARGETED_DEVICE_FAMILY = "1,2";
			};
			name = Debug;
		};
		7C36B78E240906C900905F6F /* Release */ = {
			isa = XCBuildConfiguration;
			buildSettings = {
				ASSETCATALOG_COMPILER_APPICON_NAME = AppIcon;
				CODE_SIGN_STYLE = Automatic;
				DEVELOPMENT_TEAM = G4MM77V7NH;
				INFOPLIST_FILE = Hong3Store/Info.plist;
				LD_RUNPATH_SEARCH_PATHS = (
					"$(inherited)",
					"@executable_path/Frameworks",
				);
				PRODUCT_BUNDLE_IDENTIFIER = io.github.hongdonghyun.Hong3Store;
				PRODUCT_NAME = "$(TARGET_NAME)";
				SWIFT_VERSION = 5.0;
				TARGETED_DEVICE_FAMILY = "1,2";
			};
			name = Release;
		};
/* End XCBuildConfiguration section */

/* Begin XCConfigurationList section */
		7C36B773240906C700905F6F /* Build configuration list for PBXProject "Hong3Store" */ = {
			isa = XCConfigurationList;
			buildConfigurations = (
				7C36B78A240906C900905F6F /* Debug */,
				7C36B78B240906C900905F6F /* Release */,
			);
			defaultConfigurationIsVisible = 0;
			defaultConfigurationName = Release;
		};
		7C36B78C240906C900905F6F /* Build configuration list for PBXNativeTarget "Hong3Store" */ = {
			isa = XCConfigurationList;
			buildConfigurations = (
				7C36B78D240906C900905F6F /* Debug */,
				7C36B78E240906C900905F6F /* Release */,
			);
			defaultConfigurationIsVisible = 0;
			defaultConfigurationName = Release;
		};
/* End XCConfigurationList section */
	};
	rootObject = 7C36B770240906C700905F6F /* Project object */;
}
